
Microsoft Visual Studio Solution File, Format Version 12.00
# Visual Studio Version 16
VisualStudioVersion = 16.0.31702.278
MinimumVisualStudioVersion = 10.0.40219.1
Project("{FAE04EC0-301F-11D3-BF4B-00C04F79EFBC}") = "Prueba.Gatos", "Prueba.Gatos\Prueba.Gatos.csproj", "{AAC245FC-2EF1-4C55-AEC0-D77B2F31699A}"
EndProject
Project("{FAE04EC0-301F-11D3-BF4B-00C04F79EFBC}") = "Prueba.Web", "Prueba.Web\Prueba.Web.csproj", "{15404C52-E617-437C-9C78-F92104C8A958}"
EndProject
Global
	GlobalSection(SolutionConfigurationPlatforms) = preSolution
		Debug|Any CPU = Debug|Any CPU
		Release|Any CPU = Release|Any CPU
	EndGlobalSection
	GlobalSection(ProjectConfigurationPlatforms) = postSolution
		{AAC245FC-2EF1-4C55-AEC0-D77B2F31699A}.Debug|Any CPU.ActiveCfg = Debug|Any CPU
		{AAC245FC-2EF1-4C55-AEC0-D77B2F31699A}.Debug|Any CPU.Build.0 = Debug|Any CPU
		{AAC245FC-2EF1-4C55-AEC0-D77B2F31699A}.Release|Any CPU.ActiveCfg = Release|Any CPU
		{AAC245FC-2EF1-4C55-AEC0-D77B2F31699A}.Release|Any CPU.Build.0 = Release|Any CPU
		{15404C52-E617-437C-9C78-F92104C8A958}.Debug|Any CPU.ActiveCfg = Debug|Any CPU
		{15404C52-E617-437C-9C78-F92104C8A958}.Debug|Any CPU.Build.0 = Debug|Any CPU
		{15404C52-E617-437C-9C78-F92104C8A958}.Release|Any CPU.ActiveCfg = Release|Any CPU
		{15404C52-E617-437C-9C78-F92104C8A958}.Release|Any CPU.Build.0 = Release|Any CPU
	EndGlobalSection
	GlobalSection(SolutionProperties) = preSolution
		HideSolutionNode = FALSE
	EndGlobalSection
	GlobalSection(ExtensibilityGlobals) = postSolution
		SolutionGuid = {DA6F6DC3-AC70-4177-B3B6-02C20A417C4B}
	EndGlobalSection
EndGlobal
